
Microsoft Visual Studio Solution File, Format Version 12.00
# Visual Studio Version 17
VisualStudioVersion = 17.11.35208.52
MinimumVisualStudioVersion = 10.0.40219.1
Project("{FAE04EC0-301F-11D3-BF4B-00C04F79EFBC}") = "Taller-YulianaCapito", "Taller-YulianaCapito\Taller-YulianaCapito.csproj", "{990D7FB3-8716-4960-952F-AB61FB945911}"
EndProject
Global
	GlobalSection(SolutionConfigurationPlatforms) = preSolution
		Debug|Any CPU = Debug|Any CPU
		Release|Any CPU = Release|Any CPU
	EndGlobalSection
	GlobalSection(ProjectConfigurationPlatforms) = postSolution
		{990D7FB3-8716-4960-952F-AB61FB945911}.Debug|Any CPU.ActiveCfg = Debug|Any CPU
		{990D7FB3-8716-4960-952F-AB61FB945911}.Debug|Any CPU.Build.0 = Debug|Any CPU
		{990D7FB3-8716-4960-952F-AB61FB945911}.Release|Any CPU.ActiveCfg = Release|Any CPU
		{990D7FB3-8716-4960-952F-AB61FB945911}.Release|Any CPU.Build.0 = Release|Any CPU
	EndGlobalSection
	GlobalSection(SolutionProperties) = preSolution
		HideSolutionNode = FALSE
	EndGlobalSection
	GlobalSection(ExtensibilityGlobals) = postSolution
		SolutionGuid = {C6BE2F80-E772-4AA0-8712-F3E73B98645C}
	EndGlobalSection
EndGlobal
